
Microsoft Visual Studio Solution File, Format Version 12.00
# Visual Studio Version 17
VisualStudioVersion = 17.11.35327.3
MinimumVisualStudioVersion = 10.0.40219.1
Project("{FAE04EC0-301F-11D3-BF4B-00C04F79EFBC}") = "MAUIClock", "MAUIClock\MAUIClock.csproj", "{781C6641-20AE-4FDF-809A-9EBB55E2438B}"
EndProject
Global
	GlobalSection(SolutionConfigurationPlatforms) = preSolution
		Debug|Any CPU = Debug|Any CPU
		Release|Any CPU = Release|Any CPU
	EndGlobalSection
	GlobalSection(ProjectConfigurationPlatforms) = postSolution
		{781C6641-20AE-4FDF-809A-9EBB55E2438B}.Debug|Any CPU.ActiveCfg = Debug|Any CPU
		{781C6641-20AE-4FDF-809A-9EBB55E2438B}.Debug|Any CPU.Build.0 = Debug|Any CPU
		{781C6641-20AE-4FDF-809A-9EBB55E2438B}.Debug|Any CPU.Deploy.0 = Debug|Any CPU
		{781C6641-20AE-4FDF-809A-9EBB55E2438B}.Release|Any CPU.ActiveCfg = Release|Any CPU
		{781C6641-20AE-4FDF-809A-9EBB55E2438B}.Release|Any CPU.Build.0 = Release|Any CPU
		{781C6641-20AE-4FDF-809A-9EBB55E2438B}.Release|Any CPU.Deploy.0 = Release|Any CPU
	EndGlobalSection
	GlobalSection(SolutionProperties) = preSolution
		HideSolutionNode = FALSE
	EndGlobalSection
	GlobalSection(ExtensibilityGlobals) = postSolution
		SolutionGuid = {15B0AC5D-321C-450D-9AF5-93573251B075}
	EndGlobalSection
EndGlobal
